<?xml version="1.0" encoding="utf-8"?>
<Project ToolsVersion="17.0" xmlns="http://schemas.microsoft.com/developer/msbuild/2003">
  <ItemGroup>
    <Filter Include="AABBTree">
      <UniqueIdentifier>{4AE1B623-FE38-3F36-AE32-E19B50430FF6}</UniqueIdentifier>
    </Filter>
    <Filter Include="AABBTree\NodeCodec">
      <UniqueIdentifier>{1732FBAB-DC92-33A2-A2FE-7FC0CC4F519B}</UniqueIdentifier>
    </Filter>
    <Filter Include="AABBTree\TriangleCodec">
      <UniqueIdentifier>{E139F0B6-DDA1-339A-9C18-29E0C5F0C894}</UniqueIdentifier>
    </Filter>
    <Filter Include="Core">
      <UniqueIdentifier>{582BB331-BB3A-3E6A-B297-81C056FA8DF2}</UniqueIdentifier>
    </Filter>
    <Filter Include="Geometry">
      <UniqueIdentifier>{33AC0743-2A66-327A-8CCD-E1D14E7990FF}</UniqueIdentifier>
    </Filter>
    <Filter Include="Math">
      <UniqueIdentifier>{8D7C2404-DCE6-3A98-97E1-36D96E1216B2}</UniqueIdentifier>
    </Filter>
    <Filter Include="ObjectStream">
      <UniqueIdentifier>{14E3EAA5-1A18-30FB-86A8-31CA8839741F}</UniqueIdentifier>
    </Filter>
    <Filter Include="Physics">
      <UniqueIdentifier>{08776BB9-B54D-3DEA-BDAE-351EB2DF093A}</UniqueIdentifier>
    </Filter>
    <Filter Include="Physics\Body">
      <UniqueIdentifier>{EF2E94F9-0759-3546-AF69-44339C715C6C}</UniqueIdentifier>
    </Filter>
    <Filter Include="Physics\Character">
      <UniqueIdentifier>{614FDC34-0DB4-362E-B332-9513FB668232}</UniqueIdentifier>
    </Filter>
    <Filter Include="Physics\Collision">
      <UniqueIdentifier>{7E780F01-42A3-365F-B926-545AAF808D5A}</UniqueIdentifier>
    </Filter>
    <Filter Include="Physics\Collision\BroadPhase">
      <UniqueIdentifier>{781E83A2-A7E9-3155-A20B-99C32008A004}</UniqueIdentifier>
    </Filter>
    <Filter Include="Physics\Collision\Shape">
      <UniqueIdentifier>{7370B759-912D-3F74-B2D4-2B997339CD83}</UniqueIdentifier>
    </Filter>
    <Filter Include="Physics\Constraints">
      <UniqueIdentifier>{25685DC5-46BE-3B53-924C-78A62D993137}</UniqueIdentifier>
    </Filter>
    <Filter Include="Physics\Constraints\ConstraintPart">
      <UniqueIdentifier>{AB115E31-1545-39C7-ADD6-AA06C00982C6}</UniqueIdentifier>
    </Filter>
    <Filter Include="Physics\Ragdoll">
      <UniqueIdentifier>{47670BC7-EEE8-3BFB-9221-99CC55250FCD}</UniqueIdentifier>
    </Filter>
    <Filter Include="Physics\SoftBody">
      <UniqueIdentifier>{9D818CA9-A6B2-3B21-8887-D87A9619B041}</UniqueIdentifier>
    </Filter>
    <Filter Include="Physics\Vehicle">
      <UniqueIdentifier>{3D22DB3A-D8A9-32E0-A9F6-34D87A73000A}</UniqueIdentifier>
    </Filter>
    <Filter Include="Renderer">
      <UniqueIdentifier>{17CBE3DE-DDA9-323D-8E4D-8E31BB89FE6E}</UniqueIdentifier>
    </Filter>
    <Filter Include="Skeleton">
      <UniqueIdentifier>{2FA5563E-5A55-34E2-AA0F-F38F3BD59093}</UniqueIdentifier>
    </Filter>
    <Filter Include="TriangleGrouper">
      <UniqueIdentifier>{75C7734F-06E6-3682-AAAC-20B82EE57B2B}</UniqueIdentifier>
    </Filter>
    <Filter Include="TriangleSplitter">
      <UniqueIdentifier>{7F38BDBF-60AD-38DE-AF6C-A1BFE0967569}</UniqueIdentifier>
    </Filter>
  </ItemGroup>
  <ItemGroup>
    <ClCompile Include="..\Libraries\JoltPhysics\Jolt\AABBTree\AABBTreeBuilder.cpp">
      <Filter>AABBTree</Filter>
    </ClCompile>
    <ClCompile Include="..\Libraries\JoltPhysics\Jolt\Core\Color.cpp">
      <Filter>Core</Filter>
    </ClCompile>
    <ClCompile Include="..\Libraries\JoltPhysics\Jolt\Core\Factory.cpp">
      <Filter>Core</Filter>
    </ClCompile>
    <ClCompile Include="..\Libraries\JoltPhysics\Jolt\Core\IssueReporting.cpp">
      <Filter>Core</Filter>
    </ClCompile>
    <ClCompile Include="..\Libraries\JoltPhysics\Jolt\Core\JobSystemSingleThreaded.cpp">
      <Filter>Core</Filter>
    </ClCompile>
    <ClCompile Include="..\Libraries\JoltPhysics\Jolt\Core\JobSystemThreadPool.cpp">
      <Filter>Core</Filter>
    </ClCompile>
    <ClCompile Include="..\Libraries\JoltPhysics\Jolt\Core\JobSystemWithBarrier.cpp">
      <Filter>Core</Filter>
    </ClCompile>
    <ClCompile Include="..\Libraries\JoltPhysics\Jolt\Core\LinearCurve.cpp">
      <Filter>Core</Filter>
    </ClCompile>
    <ClCompile Include="..\Libraries\JoltPhysics\Jolt\Core\Memory.cpp">
      <Filter>Core</Filter>
    </ClCompile>
    <ClCompile Include="..\Libraries\JoltPhysics\Jolt\Core\Profiler.cpp">
      <Filter>Core</Filter>
    </ClCompile>
    <ClCompile Include="..\Libraries\JoltPhysics\Jolt\Core\RTTI.cpp">
      <Filter>Core</Filter>
    </ClCompile>
    <ClCompile Include="..\Libraries\JoltPhysics\Jolt\Core\Semaphore.cpp">
      <Filter>Core</Filter>
    </ClCompile>
    <ClCompile Include="..\Libraries\JoltPhysics\Jolt\Core\StringTools.cpp">
      <Filter>Core</Filter>
    </ClCompile>
    <ClCompile Include="..\Libraries\JoltPhysics\Jolt\Core\TickCounter.cpp">
      <Filter>Core</Filter>
    </ClCompile>
    <ClCompile Include="..\Libraries\JoltPhysics\Jolt\Geometry\ConvexHullBuilder.cpp">
      <Filter>Geometry</Filter>
    </ClCompile>
    <ClCompile Include="..\Libraries\JoltPhysics\Jolt\Geometry\ConvexHullBuilder2D.cpp">
      <Filter>Geometry</Filter>
    </ClCompile>
    <ClCompile Include="..\Libraries\JoltPhysics\Jolt\Geometry\Indexify.cpp">
      <Filter>Geometry</Filter>
    </ClCompile>
    <ClCompile Include="..\Libraries\JoltPhysics\Jolt\Geometry\OrientedBox.cpp">
      <Filter>Geometry</Filter>
    </ClCompile>
    <ClCompile Include="..\Libraries\JoltPhysics\Jolt\Math\Vec3.cpp">
      <Filter>Math</Filter>
    </ClCompile>
    <ClCompile Include="..\Libraries\JoltPhysics\Jolt\ObjectStream\ObjectStream.cpp">
      <Filter>ObjectStream</Filter>
    </ClCompile>
    <ClCompile Include="..\Libraries\JoltPhysics\Jolt\ObjectStream\ObjectStreamBinaryIn.cpp">
      <Filter>ObjectStream</Filter>
    </ClCompile>
    <ClCompile Include="..\Libraries\JoltPhysics\Jolt\ObjectStream\ObjectStreamBinaryOut.cpp">
      <Filter>ObjectStream</Filter>
    </ClCompile>
    <ClCompile Include="..\Libraries\JoltPhysics\Jolt\ObjectStream\ObjectStreamIn.cpp">
      <Filter>ObjectStream</Filter>
    </ClCompile>
    <ClCompile Include="..\Libraries\JoltPhysics\Jolt\ObjectStream\ObjectStreamOut.cpp">
      <Filter>ObjectStream</Filter>
    </ClCompile>
    <ClCompile Include="..\Libraries\JoltPhysics\Jolt\ObjectStream\ObjectStreamTextIn.cpp">
      <Filter>ObjectStream</Filter>
    </ClCompile>
    <ClCompile Include="..\Libraries\JoltPhysics\Jolt\ObjectStream\ObjectStreamTextOut.cpp">
      <Filter>ObjectStream</Filter>
    </ClCompile>
    <ClCompile Include="..\Libraries\JoltPhysics\Jolt\ObjectStream\SerializableObject.cpp">
      <Filter>ObjectStream</Filter>
    </ClCompile>
    <ClCompile Include="..\Libraries\JoltPhysics\Jolt\ObjectStream\TypeDeclarations.cpp">
      <Filter>ObjectStream</Filter>
    </ClCompile>
    <ClCompile Include="..\Libraries\JoltPhysics\Jolt\Physics\DeterminismLog.cpp">
      <Filter>Physics</Filter>
    </ClCompile>
    <ClCompile Include="..\Libraries\JoltPhysics\Jolt\Physics\IslandBuilder.cpp">
      <Filter>Physics</Filter>
    </ClCompile>
    <ClCompile Include="..\Libraries\JoltPhysics\Jolt\Physics\LargeIslandSplitter.cpp">
      <Filter>Physics</Filter>
    </ClCompile>
    <ClCompile Include="..\Libraries\JoltPhysics\Jolt\Physics\PhysicsScene.cpp">
      <Filter>Physics</Filter>
    </ClCompile>
    <ClCompile Include="..\Libraries\JoltPhysics\Jolt\Physics\PhysicsSystem.cpp">
      <Filter>Physics</Filter>
    </ClCompile>
    <ClCompile Include="..\Libraries\JoltPhysics\Jolt\Physics\PhysicsUpdateContext.cpp">
      <Filter>Physics</Filter>
    </ClCompile>
    <ClCompile Include="..\Libraries\JoltPhysics\Jolt\Physics\StateRecorderImpl.cpp">
      <Filter>Physics</Filter>
    </ClCompile>
    <ClCompile Include="..\Libraries\JoltPhysics\Jolt\Physics\Body\Body.cpp">
      <Filter>Physics\Body</Filter>
    </ClCompile>
    <ClCompile Include="..\Libraries\JoltPhysics\Jolt\Physics\Body\BodyCreationSettings.cpp">
      <Filter>Physics\Body</Filter>
    </ClCompile>
    <ClCompile Include="..\Libraries\JoltPhysics\Jolt\Physics\Body\BodyInterface.cpp">
      <Filter>Physics\Body</Filter>
    </ClCompile>
    <ClCompile Include="..\Libraries\JoltPhysics\Jolt\Physics\Body\BodyManager.cpp">
      <Filter>Physics\Body</Filter>
    </ClCompile>
    <ClCompile Include="..\Libraries\JoltPhysics\Jolt\Physics\Body\MassProperties.cpp">
      <Filter>Physics\Body</Filter>
    </ClCompile>
    <ClCompile Include="..\Libraries\JoltPhysics\Jolt\Physics\Body\MotionProperties.cpp">
      <Filter>Physics\Body</Filter>
    </ClCompile>
    <ClCompile Include="..\Libraries\JoltPhysics\Jolt\Physics\Character\Character.cpp">
      <Filter>Physics\Character</Filter>
    </ClCompile>
    <ClCompile Include="..\Libraries\JoltPhysics\Jolt\Physics\Character\CharacterBase.cpp">
      <Filter>Physics\Character</Filter>
    </ClCompile>
    <ClCompile Include="..\Libraries\JoltPhysics\Jolt\Physics\Character\CharacterVirtual.cpp">
      <Filter>Physics\Character</Filter>
    </ClCompile>
    <ClCompile Include="..\Libraries\JoltPhysics\Jolt\Physics\Collision\CastConvexVsTriangles.cpp">
      <Filter>Physics\Collision</Filter>
    </ClCompile>
    <ClCompile Include="..\Libraries\JoltPhysics\Jolt\Physics\Collision\CastSphereVsTriangles.cpp">
      <Filter>Physics\Collision</Filter>
    </ClCompile>
    <ClCompile Include="..\Libraries\JoltPhysics\Jolt\Physics\Collision\CollideConvexVsTriangles.cpp">
      <Filter>Physics\Collision</Filter>
    </ClCompile>
    <ClCompile Include="..\Libraries\JoltPhysics\Jolt\Physics\Collision\CollideSphereVsTriangles.cpp">
      <Filter>Physics\Collision</Filter>
    </ClCompile>
    <ClCompile Include="..\Libraries\JoltPhysics\Jolt\Physics\Collision\CollisionDispatch.cpp">
      <Filter>Physics\Collision</Filter>
    </ClCompile>
    <ClCompile Include="..\Libraries\JoltPhysics\Jolt\Physics\Collision\CollisionGroup.cpp">
      <Filter>Physics\Collision</Filter>
    </ClCompile>
    <ClCompile Include="..\Libraries\JoltPhysics\Jolt\Physics\Collision\EstimateCollisionResponse.cpp">
      <Filter>Physics\Collision</Filter>
    </ClCompile>
    <ClCompile Include="..\Libraries\JoltPhysics\Jolt\Physics\Collision\GroupFilter.cpp">
      <Filter>Physics\Collision</Filter>
    </ClCompile>
    <ClCompile Include="..\Libraries\JoltPhysics\Jolt\Physics\Collision\GroupFilterTable.cpp">
      <Filter>Physics\Collision</Filter>
    </ClCompile>
    <ClCompile Include="..\Libraries\JoltPhysics\Jolt\Physics\Collision\ManifoldBetweenTwoFaces.cpp">
      <Filter>Physics\Collision</Filter>
    </ClCompile>
    <ClCompile Include="..\Libraries\JoltPhysics\Jolt\Physics\Collision\NarrowPhaseQuery.cpp">
      <Filter>Physics\Collision</Filter>
    </ClCompile>
    <ClCompile Include="..\Libraries\JoltPhysics\Jolt\Physics\Collision\NarrowPhaseStats.cpp">
      <Filter>Physics\Collision</Filter>
    </ClCompile>
    <ClCompile Include="..\Libraries\JoltPhysics\Jolt\Physics\Collision\PhysicsMaterial.cpp">
      <Filter>Physics\Collision</Filter>
    </ClCompile>
    <ClCompile Include="..\Libraries\JoltPhysics\Jolt\Physics\Collision\PhysicsMaterialSimple.cpp">
      <Filter>Physics\Collision</Filter>
    </ClCompile>
    <ClCompile Include="..\Libraries\JoltPhysics\Jolt\Physics\Collision\TransformedShape.cpp">
      <Filter>Physics\Collision</Filter>
    </ClCompile>
    <ClCompile Include="..\Libraries\JoltPhysics\Jolt\Physics\Collision\BroadPhase\BroadPhase.cpp">
      <Filter>Physics\Collision\BroadPhase</Filter>
    </ClCompile>
    <ClCompile Include="..\Libraries\JoltPhysics\Jolt\Physics\Collision\BroadPhase\BroadPhaseBruteForce.cpp">
      <Filter>Physics\Collision\BroadPhase</Filter>
    </ClCompile>
    <ClCompile Include="..\Libraries\JoltPhysics\Jolt\Physics\Collision\BroadPhase\BroadPhaseQuadTree.cpp">
      <Filter>Physics\Collision\BroadPhase</Filter>
    </ClCompile>
    <ClCompile Include="..\Libraries\JoltPhysics\Jolt\Physics\Collision\BroadPhase\QuadTree.cpp">
      <Filter>Physics\Collision\BroadPhase</Filter>
    </ClCompile>
    <ClCompile Include="..\Libraries\JoltPhysics\Jolt\Physics\Collision\Shape\BoxShape.cpp">
      <Filter>Physics\Collision\Shape</Filter>
    </ClCompile>
    <ClCompile Include="..\Libraries\JoltPhysics\Jolt\Physics\Collision\Shape\CapsuleShape.cpp">
      <Filter>Physics\Collision\Shape</Filter>
    </ClCompile>
    <ClCompile Include="..\Libraries\JoltPhysics\Jolt\Physics\Collision\Shape\CompoundShape.cpp">
      <Filter>Physics\Collision\Shape</Filter>
    </ClCompile>
    <ClCompile Include="..\Libraries\JoltPhysics\Jolt\Physics\Collision\Shape\ConvexHullShape.cpp">
      <Filter>Physics\Collision\Shape</Filter>
    </ClCompile>
    <ClCompile Include="..\Libraries\JoltPhysics\Jolt\Physics\Collision\Shape\ConvexShape.cpp">
      <Filter>Physics\Collision\Shape</Filter>
    </ClCompile>
    <ClCompile Include="..\Libraries\JoltPhysics\Jolt\Physics\Collision\Shape\CylinderShape.cpp">
      <Filter>Physics\Collision\Shape</Filter>
    </ClCompile>
    <ClCompile Include="..\Libraries\JoltPhysics\Jolt\Physics\Collision\Shape\DecoratedShape.cpp">
      <Filter>Physics\Collision\Shape</Filter>
    </ClCompile>
    <ClCompile Include="..\Libraries\JoltPhysics\Jolt\Physics\Collision\Shape\EmptyShape.cpp">
      <Filter>Physics\Collision\Shape</Filter>
    </ClCompile>
    <ClCompile Include="..\Libraries\JoltPhysics\Jolt\Physics\Collision\Shape\HeightFieldShape.cpp">
      <Filter>Physics\Collision\Shape</Filter>
    </ClCompile>
    <ClCompile Include="..\Libraries\JoltPhysics\Jolt\Physics\Collision\Shape\MeshShape.cpp">
      <Filter>Physics\Collision\Shape</Filter>
    </ClCompile>
    <ClCompile Include="..\Libraries\JoltPhysics\Jolt\Physics\Collision\Shape\MutableCompoundShape.cpp">
      <Filter>Physics\Collision\Shape</Filter>
    </ClCompile>
    <ClCompile Include="..\Libraries\JoltPhysics\Jolt\Physics\Collision\Shape\OffsetCenterOfMassShape.cpp">
      <Filter>Physics\Collision\Shape</Filter>
    </ClCompile>
    <ClCompile Include="..\Libraries\JoltPhysics\Jolt\Physics\Collision\Shape\PlaneShape.cpp">
      <Filter>Physics\Collision\Shape</Filter>
    </ClCompile>
    <ClCompile Include="..\Libraries\JoltPhysics\Jolt\Physics\Collision\Shape\RotatedTranslatedShape.cpp">
      <Filter>Physics\Collision\Shape</Filter>
    </ClCompile>
    <ClCompile Include="..\Libraries\JoltPhysics\Jolt\Physics\Collision\Shape\ScaledShape.cpp">
      <Filter>Physics\Collision\Shape</Filter>
    </ClCompile>
    <ClCompile Include="..\Libraries\JoltPhysics\Jolt\Physics\Collision\Shape\Shape.cpp">
      <Filter>Physics\Collision\Shape</Filter>
    </ClCompile>
    <ClCompile Include="..\Libraries\JoltPhysics\Jolt\Physics\Collision\Shape\SphereShape.cpp">
      <Filter>Physics\Collision\Shape</Filter>
    </ClCompile>
    <ClCompile Include="..\Libraries\JoltPhysics\Jolt\Physics\Collision\Shape\StaticCompoundShape.cpp">
      <Filter>Physics\Collision\Shape</Filter>
    </ClCompile>
    <ClCompile Include="..\Libraries\JoltPhysics\Jolt\Physics\Collision\Shape\TaperedCapsuleShape.cpp">
      <Filter>Physics\Collision\Shape</Filter>
    </ClCompile>
    <ClCompile Include="..\Libraries\JoltPhysics\Jolt\Physics\Collision\Shape\TaperedCylinderShape.cpp">
      <Filter>Physics\Collision\Shape</Filter>
    </ClCompile>
    <ClCompile Include="..\Libraries\JoltPhysics\Jolt\Physics\Collision\Shape\TriangleShape.cpp">
      <Filter>Physics\Collision\Shape</Filter>
    </ClCompile>
    <ClCompile Include="..\Libraries\JoltPhysics\Jolt\Physics\Constraints\ConeConstraint.cpp">
      <Filter>Physics\Constraints</Filter>
    </ClCompile>
    <ClCompile Include="..\Libraries\JoltPhysics\Jolt\Physics\Constraints\Constraint.cpp">
      <Filter>Physics\Constraints</Filter>
    </ClCompile>
    <ClCompile Include="..\Libraries\JoltPhysics\Jolt\Physics\Constraints\ConstraintManager.cpp">
      <Filter>Physics\Constraints</Filter>
    </ClCompile>
    <ClCompile Include="..\Libraries\JoltPhysics\Jolt\Physics\Constraints\ContactConstraintManager.cpp">
      <Filter>Physics\Constraints</Filter>
    </ClCompile>
    <ClCompile Include="..\Libraries\JoltPhysics\Jolt\Physics\Constraints\DistanceConstraint.cpp">
      <Filter>Physics\Constraints</Filter>
    </ClCompile>
    <ClCompile Include="..\Libraries\JoltPhysics\Jolt\Physics\Constraints\FixedConstraint.cpp">
      <Filter>Physics\Constraints</Filter>
    </ClCompile>
    <ClCompile Include="..\Libraries\JoltPhysics\Jolt\Physics\Constraints\GearConstraint.cpp">
      <Filter>Physics\Constraints</Filter>
    </ClCompile>
    <ClCompile Include="..\Libraries\JoltPhysics\Jolt\Physics\Constraints\HingeConstraint.cpp">
      <Filter>Physics\Constraints</Filter>
    </ClCompile>
    <ClCompile Include="..\Libraries\JoltPhysics\Jolt\Physics\Constraints\MotorSettings.cpp">
      <Filter>Physics\Constraints</Filter>
    </ClCompile>
    <ClCompile Include="..\Libraries\JoltPhysics\Jolt\Physics\Constraints\PathConstraint.cpp">
      <Filter>Physics\Constraints</Filter>
    </ClCompile>
    <ClCompile Include="..\Libraries\JoltPhysics\Jolt\Physics\Constraints\PathConstraintPath.cpp">
      <Filter>Physics\Constraints</Filter>
    </ClCompile>
    <ClCompile Include="..\Libraries\JoltPhysics\Jolt\Physics\Constraints\PathConstraintPathHermite.cpp">
      <Filter>Physics\Constraints</Filter>
    </ClCompile>
    <ClCompile Include="..\Libraries\JoltPhysics\Jolt\Physics\Constraints\PointConstraint.cpp">
      <Filter>Physics\Constraints</Filter>
    </ClCompile>
    <ClCompile Include="..\Libraries\JoltPhysics\Jolt\Physics\Constraints\PulleyConstraint.cpp">
      <Filter>Physics\Constraints</Filter>
    </ClCompile>
    <ClCompile Include="..\Libraries\JoltPhysics\Jolt\Physics\Constraints\RackAndPinionConstraint.cpp">
      <Filter>Physics\Constraints</Filter>
    </ClCompile>
    <ClCompile Include="..\Libraries\JoltPhysics\Jolt\Physics\Constraints\SixDOFConstraint.cpp">
      <Filter>Physics\Constraints</Filter>
    </ClCompile>
    <ClCompile Include="..\Libraries\JoltPhysics\Jolt\Physics\Constraints\SliderConstraint.cpp">
      <Filter>Physics\Constraints</Filter>
    </ClCompile>
    <ClCompile Include="..\Libraries\JoltPhysics\Jolt\Physics\Constraints\SpringSettings.cpp">
      <Filter>Physics\Constraints</Filter>
    </ClCompile>
    <ClCompile Include="..\Libraries\JoltPhysics\Jolt\Physics\Constraints\SwingTwistConstraint.cpp">
      <Filter>Physics\Constraints</Filter>
    </ClCompile>
    <ClCompile Include="..\Libraries\JoltPhysics\Jolt\Physics\Constraints\TwoBodyConstraint.cpp">
      <Filter>Physics\Constraints</Filter>
    </ClCompile>
    <ClCompile Include="..\Libraries\JoltPhysics\Jolt\Physics\Ragdoll\Ragdoll.cpp">
      <Filter>Physics\Ragdoll</Filter>
    </ClCompile>
    <ClCompile Include="..\Libraries\JoltPhysics\Jolt\Physics\SoftBody\SoftBodyCreationSettings.cpp">
      <Filter>Physics\SoftBody</Filter>
    </ClCompile>
    <ClCompile Include="..\Libraries\JoltPhysics\Jolt\Physics\SoftBody\SoftBodyMotionProperties.cpp">
      <Filter>Physics\SoftBody</Filter>
    </ClCompile>
    <ClCompile Include="..\Libraries\JoltPhysics\Jolt\Physics\SoftBody\SoftBodyShape.cpp">
      <Filter>Physics\SoftBody</Filter>
    </ClCompile>
    <ClCompile Include="..\Libraries\JoltPhysics\Jolt\Physics\SoftBody\SoftBodySharedSettings.cpp">
      <Filter>Physics\SoftBody</Filter>
    </ClCompile>
    <ClCompile Include="..\Libraries\JoltPhysics\Jolt\Physics\Vehicle\MotorcycleController.cpp">
      <Filter>Physics\Vehicle</Filter>
    </ClCompile>
    <ClCompile Include="..\Libraries\JoltPhysics\Jolt\Physics\Vehicle\TrackedVehicleController.cpp">
      <Filter>Physics\Vehicle</Filter>
    </ClCompile>
    <ClCompile Include="..\Libraries\JoltPhysics\Jolt\Physics\Vehicle\VehicleAntiRollBar.cpp">
      <Filter>Physics\Vehicle</Filter>
    </ClCompile>
    <ClCompile Include="..\Libraries\JoltPhysics\Jolt\Physics\Vehicle\VehicleCollisionTester.cpp">
      <Filter>Physics\Vehicle</Filter>
    </ClCompile>
    <ClCompile Include="..\Libraries\JoltPhysics\Jolt\Physics\Vehicle\VehicleConstraint.cpp">
      <Filter>Physics\Vehicle</Filter>
    </ClCompile>
    <ClCompile Include="..\Libraries\JoltPhysics\Jolt\Physics\Vehicle\VehicleController.cpp">
      <Filter>Physics\Vehicle</Filter>
    </ClCompile>
    <ClCompile Include="..\Libraries\JoltPhysics\Jolt\Physics\Vehicle\VehicleDifferential.cpp">
      <Filter>Physics\Vehicle</Filter>
    </ClCompile>
    <ClCompile Include="..\Libraries\JoltPhysics\Jolt\Physics\Vehicle\VehicleEngine.cpp">
      <Filter>Physics\Vehicle</Filter>
    </ClCompile>
    <ClCompile Include="..\Libraries\JoltPhysics\Jolt\Physics\Vehicle\VehicleTrack.cpp">
      <Filter>Physics\Vehicle</Filter>
    </ClCompile>
    <ClCompile Include="..\Libraries\JoltPhysics\Jolt\Physics\Vehicle\VehicleTransmission.cpp">
      <Filter>Physics\Vehicle</Filter>
    </ClCompile>
    <ClCompile Include="..\Libraries\JoltPhysics\Jolt\Physics\Vehicle\Wheel.cpp">
      <Filter>Physics\Vehicle</Filter>
    </ClCompile>
    <ClCompile Include="..\Libraries\JoltPhysics\Jolt\Physics\Vehicle\WheeledVehicleController.cpp">
      <Filter>Physics\Vehicle</Filter>
    </ClCompile>
    <ClCompile Include="..\Libraries\JoltPhysics\Jolt\Renderer\DebugRenderer.cpp">
      <Filter>Renderer</Filter>
    </ClCompile>
    <ClCompile Include="..\Libraries\JoltPhysics\Jolt\Renderer\DebugRendererPlayback.cpp">
      <Filter>Renderer</Filter>
    </ClCompile>
    <ClCompile Include="..\Libraries\JoltPhysics\Jolt\Renderer\DebugRendererRecorder.cpp">
      <Filter>Renderer</Filter>
    </ClCompile>
    <ClCompile Include="..\Libraries\JoltPhysics\Jolt\Renderer\DebugRendererSimple.cpp">
      <Filter>Renderer</Filter>
    </ClCompile>
    <ClCompile Include="..\Libraries\JoltPhysics\Jolt\Skeleton\SkeletalAnimation.cpp">
      <Filter>Skeleton</Filter>
    </ClCompile>
    <ClCompile Include="..\Libraries\JoltPhysics\Jolt\Skeleton\Skeleton.cpp">
      <Filter>Skeleton</Filter>
    </ClCompile>
    <ClCompile Include="..\Libraries\JoltPhysics\Jolt\Skeleton\SkeletonMapper.cpp">
      <Filter>Skeleton</Filter>
    </ClCompile>
    <ClCompile Include="..\Libraries\JoltPhysics\Jolt\Skeleton\SkeletonPose.cpp">
      <Filter>Skeleton</Filter>
    </ClCompile>
    <ClCompile Include="..\Libraries\JoltPhysics\Jolt\TriangleGrouper\TriangleGrouperClosestCentroid.cpp">
      <Filter>TriangleGrouper</Filter>
    </ClCompile>
    <ClCompile Include="..\Libraries\JoltPhysics\Jolt\TriangleGrouper\TriangleGrouperMorton.cpp">
      <Filter>TriangleGrouper</Filter>
    </ClCompile>
    <ClCompile Include="..\Libraries\JoltPhysics\Jolt\TriangleSplitter\TriangleSplitter.cpp">
      <Filter>TriangleSplitter</Filter>
    </ClCompile>
    <ClCompile Include="..\Libraries\JoltPhysics\Jolt\TriangleSplitter\TriangleSplitterBinning.cpp">
      <Filter>TriangleSplitter</Filter>
    </ClCompile>
    <ClCompile Include="..\Libraries\JoltPhysics\Jolt\TriangleSplitter\TriangleSplitterFixedLeafSize.cpp">
      <Filter>TriangleSplitter</Filter>
    </ClCompile>
    <ClCompile Include="..\Libraries\JoltPhysics\Jolt\TriangleSplitter\TriangleSplitterLongestAxis.cpp">
      <Filter>TriangleSplitter</Filter>
    </ClCompile>
    <ClCompile Include="..\Libraries\JoltPhysics\Jolt\TriangleSplitter\TriangleSplitterMean.cpp">
      <Filter>TriangleSplitter</Filter>
    </ClCompile>
    <ClCompile Include="..\Libraries\JoltPhysics\Jolt\TriangleSplitter\TriangleSplitterMorton.cpp">
      <Filter>TriangleSplitter</Filter>
    </ClCompile>
    <ClCompile Include="..\Libraries\JoltPhysics\Jolt\RegisterTypes.cpp" />
  </ItemGroup>
  <ItemGroup>
    <ClInclude Include="..\Libraries\JoltPhysics\Jolt\AABBTree\AABBTreeBuilder.h">
      <Filter>AABBTree</Filter>
    </ClInclude>
    <ClInclude Include="..\Libraries\JoltPhysics\Jolt\AABBTree\AABBTreeToBuffer.h">
      <Filter>AABBTree</Filter>
    </ClInclude>
    <ClInclude Include="..\Libraries\JoltPhysics\Jolt\AABBTree\NodeCodec\NodeCodecQuadTreeHalfFloat.h">
      <Filter>AABBTree\NodeCodec</Filter>
    </ClInclude>
    <ClInclude Include="..\Libraries\JoltPhysics\Jolt\AABBTree\TriangleCodec\TriangleCodecIndexed8BitPackSOA4Flags.h">
      <Filter>AABBTree\TriangleCodec</Filter>
    </ClInclude>
    <ClInclude Include="..\Libraries\JoltPhysics\Jolt\Core\ARMNeon.h">
      <Filter>Core</Filter>
    </ClInclude>
    <ClInclude Include="..\Libraries\JoltPhysics\Jolt\Core\Array.h">
      <Filter>Core</Filter>
    </ClInclude>
    <ClInclude Include="..\Libraries\JoltPhysics\Jolt\Core\Atomics.h">
      <Filter>Core</Filter>
    </ClInclude>
    <ClInclude Include="..\Libraries\JoltPhysics\Jolt\Core\BinaryHeap.h">
      <Filter>Core</Filter>
    </ClInclude>
    <ClInclude Include="..\Libraries\JoltPhysics\Jolt\Core\ByteBuffer.h">
      <Filter>Core</Filter>
    </ClInclude>
    <ClInclude Include="..\Libraries\JoltPhysics\Jolt\Core\Color.h">
      <Filter>Core</Filter>
    </ClInclude>
    <ClInclude Include="..\Libraries\JoltPhysics\Jolt\Core\Core.h">
      <Filter>Core</Filter>
    </ClInclude>
    <ClInclude Include="..\Libraries\JoltPhysics\Jolt\Core\Factory.h">
      <Filter>Core</Filter>
    </ClInclude>
    <ClInclude Include="..\Libraries\JoltPhysics\Jolt\Core\FixedSizeFreeList.h">
      <Filter>Core</Filter>
    </ClInclude>
    <ClInclude Include="..\Libraries\JoltPhysics\Jolt\Core\FPControlWord.h">
      <Filter>Core</Filter>
    </ClInclude>
    <ClInclude Include="..\Libraries\JoltPhysics\Jolt\Core\FPException.h">
      <Filter>Core</Filter>
    </ClInclude>
    <ClInclude Include="..\Libraries\JoltPhysics\Jolt\Core\FPFlushDenormals.h">
      <Filter>Core</Filter>
    </ClInclude>
    <ClInclude Include="..\Libraries\JoltPhysics\Jolt\Core\HashCombine.h">
      <Filter>Core</Filter>
    </ClInclude>
    <ClInclude Include="..\Libraries\JoltPhysics\Jolt\Core\HashTable.h">
      <Filter>Core</Filter>
    </ClInclude>
    <ClInclude Include="..\Libraries\JoltPhysics\Jolt\Core\InsertionSort.h">
      <Filter>Core</Filter>
    </ClInclude>
    <ClInclude Include="..\Libraries\JoltPhysics\Jolt\Core\IssueReporting.h">
      <Filter>Core</Filter>
    </ClInclude>
    <ClInclude Include="..\Libraries\JoltPhysics\Jolt\Core\JobSystem.h">
      <Filter>Core</Filter>
    </ClInclude>
    <ClInclude Include="..\Libraries\JoltPhysics\Jolt\Core\JobSystemSingleThreaded.h">
      <Filter>Core</Filter>
    </ClInclude>
    <ClInclude Include="..\Libraries\JoltPhysics\Jolt\Core\JobSystemThreadPool.h">
      <Filter>Core</Filter>
    </ClInclude>
    <ClInclude Include="..\Libraries\JoltPhysics\Jolt\Core\JobSystemWithBarrier.h">
      <Filter>Core</Filter>
    </ClInclude>
    <ClInclude Include="..\Libraries\JoltPhysics\Jolt\Core\LinearCurve.h">
      <Filter>Core</Filter>
    </ClInclude>
    <ClInclude Include="..\Libraries\JoltPhysics\Jolt\Core\LockFreeHashMap.h">
      <Filter>Core</Filter>
    </ClInclude>
    <ClInclude Include="..\Libraries\JoltPhysics\Jolt\Core\Memory.h">
      <Filter>Core</Filter>
    </ClInclude>
    <ClInclude Include="..\Libraries\JoltPhysics\Jolt\Core\Mutex.h">
      <Filter>Core</Filter>
    </ClInclude>
    <ClInclude Include="..\Libraries\JoltPhysics\Jolt\Core\MutexArray.h">
      <Filter>Core</Filter>
    </ClInclude>
    <ClInclude Include="..\Libraries\JoltPhysics\Jolt\Core\NonCopyable.h">
      <Filter>Core</Filter>
    </ClInclude>
    <ClInclude Include="..\Libraries\JoltPhysics\Jolt\Core\Profiler.h">
      <Filter>Core</Filter>
    </ClInclude>
    <ClInclude Include="..\Libraries\JoltPhysics\Jolt\Core\QuickSort.h">
      <Filter>Core</Filter>
    </ClInclude>
    <ClInclude Include="..\Libraries\JoltPhysics\Jolt\Core\Reference.h">
      <Filter>Core</Filter>
    </ClInclude>
    <ClInclude Include="..\Libraries\JoltPhysics\Jolt\Core\Result.h">
      <Filter>Core</Filter>
    </ClInclude>
    <ClInclude Include="..\Libraries\JoltPhysics\Jolt\Core\RTTI.h">
      <Filter>Core</Filter>
    </ClInclude>
    <ClInclude Include="..\Libraries\JoltPhysics\Jolt\Core\ScopeExit.h">
      <Filter>Core</Filter>
    </ClInclude>
    <ClInclude Include="..\Libraries\JoltPhysics\Jolt\Core\Semaphore.h">
      <Filter>Core</Filter>
    </ClInclude>
    <ClInclude Include="..\Libraries\JoltPhysics\Jolt\Core\StaticArray.h">
      <Filter>Core</Filter>
    </ClInclude>
    <ClInclude Include="..\Libraries\JoltPhysics\Jolt\Core\STLAlignedAllocator.h">
      <Filter>Core</Filter>
    </ClInclude>
    <ClInclude Include="..\Libraries\JoltPhysics\Jolt\Core\STLAllocator.h">
      <Filter>Core</Filter>
    </ClInclude>
    <ClInclude Include="..\Libraries\JoltPhysics\Jolt\Core\STLTempAllocator.h">
      <Filter>Core</Filter>
    </ClInclude>
    <ClInclude Include="..\Libraries\JoltPhysics\Jolt\Core\StreamIn.h">
      <Filter>Core</Filter>
    </ClInclude>
    <ClInclude Include="..\Libraries\JoltPhysics\Jolt\Core\StreamOut.h">
      <Filter>Core</Filter>
    </ClInclude>
    <ClInclude Include="..\Libraries\JoltPhysics\Jolt\Core\StreamUtils.h">
      <Filter>Core</Filter>
    </ClInclude>
    <ClInclude Include="..\Libraries\JoltPhysics\Jolt\Core\StreamWrapper.h">
      <Filter>Core</Filter>
    </ClInclude>
    <ClInclude Include="..\Libraries\JoltPhysics\Jolt\Core\StridedPtr.h">
      <Filter>Core</Filter>
    </ClInclude>
    <ClInclude Include="..\Libraries\JoltPhysics\Jolt\Core\StringTools.h">
      <Filter>Core</Filter>
    </ClInclude>
    <ClInclude Include="..\Libraries\JoltPhysics\Jolt\Core\TempAllocator.h">
      <Filter>Core</Filter>
    </ClInclude>
    <ClInclude Include="..\Libraries\JoltPhysics\Jolt\Core\TickCounter.h">
      <Filter>Core</Filter>
    </ClInclude>
    <ClInclude Include="..\Libraries\JoltPhysics\Jolt\Core\UnorderedMap.h">
      <Filter>Core</Filter>
    </ClInclude>
    <ClInclude Include="..\Libraries\JoltPhysics\Jolt\Core\UnorderedSet.h">
      <Filter>Core</Filter>
    </ClInclude>
    <ClInclude Include="..\Libraries\JoltPhysics\Jolt\Geometry\AABox.h">
      <Filter>Geometry</Filter>
    </ClInclude>
    <ClInclude Include="..\Libraries\JoltPhysics\Jolt\Geometry\AABox4.h">
      <Filter>Geometry</Filter>
    </ClInclude>
    <ClInclude Include="..\Libraries\JoltPhysics\Jolt\Geometry\ClipPoly.h">
      <Filter>Geometry</Filter>
    </ClInclude>
    <ClInclude Include="..\Libraries\JoltPhysics\Jolt\Geometry\ClosestPoint.h">
      <Filter>Geometry</Filter>
    </ClInclude>
    <ClInclude Include="..\Libraries\JoltPhysics\Jolt\Geometry\ConvexHullBuilder.h">
      <Filter>Geometry</Filter>
    </ClInclude>
    <ClInclude Include="..\Libraries\JoltPhysics\Jolt\Geometry\ConvexHullBuilder2D.h">
      <Filter>Geometry</Filter>
    </ClInclude>
    <ClInclude Include="..\Libraries\JoltPhysics\Jolt\Geometry\ConvexSupport.h">
      <Filter>Geometry</Filter>
    </ClInclude>
    <ClInclude Include="..\Libraries\JoltPhysics\Jolt\Geometry\Ellipse.h">
      <Filter>Geometry</Filter>
    </ClInclude>
    <ClInclude Include="..\Libraries\JoltPhysics\Jolt\Geometry\EPAConvexHullBuilder.h">
      <Filter>Geometry</Filter>
    </ClInclude>
    <ClInclude Include="..\Libraries\JoltPhysics\Jolt\Geometry\EPAPenetrationDepth.h">
      <Filter>Geometry</Filter>
    </ClInclude>
    <ClInclude Include="..\Libraries\JoltPhysics\Jolt\Geometry\GJKClosestPoint.h">
      <Filter>Geometry</Filter>
    </ClInclude>
    <ClInclude Include="..\Libraries\JoltPhysics\Jolt\Geometry\IndexedTriangle.h">
      <Filter>Geometry</Filter>
    </ClInclude>
    <ClInclude Include="..\Libraries\JoltPhysics\Jolt\Geometry\Indexify.h">
      <Filter>Geometry</Filter>
    </ClInclude>
    <ClInclude Include="..\Libraries\JoltPhysics\Jolt\Geometry\MortonCode.h">
      <Filter>Geometry</Filter>
    </ClInclude>
    <ClInclude Include="..\Libraries\JoltPhysics\Jolt\Geometry\OrientedBox.h">
      <Filter>Geometry</Filter>
    </ClInclude>
    <ClInclude Include="..\Libraries\JoltPhysics\Jolt\Geometry\Plane.h">
      <Filter>Geometry</Filter>
    </ClInclude>
    <ClInclude Include="..\Libraries\JoltPhysics\Jolt\Geometry\RayAABox.h">
      <Filter>Geometry</Filter>
    </ClInclude>
    <ClInclude Include="..\Libraries\JoltPhysics\Jolt\Geometry\RayCapsule.h">
      <Filter>Geometry</Filter>
    </ClInclude>
    <ClInclude Include="..\Libraries\JoltPhysics\Jolt\Geometry\RayCylinder.h">
      <Filter>Geometry</Filter>
    </ClInclude>
    <ClInclude Include="..\Libraries\JoltPhysics\Jolt\Geometry\RaySphere.h">
      <Filter>Geometry</Filter>
    </ClInclude>
    <ClInclude Include="..\Libraries\JoltPhysics\Jolt\Geometry\RayTriangle.h">
      <Filter>Geometry</Filter>
    </ClInclude>
    <ClInclude Include="..\Libraries\JoltPhysics\Jolt\Geometry\Sphere.h">
      <Filter>Geometry</Filter>
    </ClInclude>
    <ClInclude Include="..\Libraries\JoltPhysics\Jolt\Geometry\Triangle.h">
      <Filter>Geometry</Filter>
    </ClInclude>
    <ClInclude Include="..\Libraries\JoltPhysics\Jolt\Math\BVec16.h">
      <Filter>Math</Filter>
    </ClInclude>
    <ClInclude Include="..\Libraries\JoltPhysics\Jolt\Math\DMat44.h">
      <Filter>Math</Filter>
    </ClInclude>
    <ClInclude Include="..\Libraries\JoltPhysics\Jolt\Math\Double3.h">
      <Filter>Math</Filter>
    </ClInclude>
    <ClInclude Include="..\Libraries\JoltPhysics\Jolt\Math\DVec3.h">
      <Filter>Math</Filter>
    </ClInclude>
    <ClInclude Include="..\Libraries\JoltPhysics\Jolt\Math\DynMatrix.h">
      <Filter>Math</Filter>
    </ClInclude>
    <ClInclude Include="..\Libraries\JoltPhysics\Jolt\Math\EigenValueSymmetric.h">
      <Filter>Math</Filter>
    </ClInclude>
    <ClInclude Include="..\Libraries\JoltPhysics\Jolt\Math\FindRoot.h">
      <Filter>Math</Filter>
    </ClInclude>
    <ClInclude Include="..\Libraries\JoltPhysics\Jolt\Math\Float2.h">
      <Filter>Math</Filter>
    </ClInclude>
    <ClInclude Include="..\Libraries\JoltPhysics\Jolt\Math\Float3.h">
      <Filter>Math</Filter>
    </ClInclude>
    <ClInclude Include="..\Libraries\JoltPhysics\Jolt\Math\Float4.h">
      <Filter>Math</Filter>
    </ClInclude>
    <ClInclude Include="..\Libraries\JoltPhysics\Jolt\Math\GaussianElimination.h">
      <Filter>Math</Filter>
    </ClInclude>
    <ClInclude Include="..\Libraries\JoltPhysics\Jolt\Math\HalfFloat.h">
      <Filter>Math</Filter>
    </ClInclude>
    <ClInclude Include="..\Libraries\JoltPhysics\Jolt\Math\Mat44.h">
      <Filter>Math</Filter>
    </ClInclude>
    <ClInclude Include="..\Libraries\JoltPhysics\Jolt\Math\Math.h">
      <Filter>Math</Filter>
    </ClInclude>
    <ClInclude Include="..\Libraries\JoltPhysics\Jolt\Math\MathTypes.h">
      <Filter>Math</Filter>
    </ClInclude>
    <ClInclude Include="..\Libraries\JoltPhysics\Jolt\Math\Matrix.h">
      <Filter>Math</Filter>
    </ClInclude>
    <ClInclude Include="..\Libraries\JoltPhysics\Jolt\Math\Quat.h">
      <Filter>Math</Filter>
    </ClInclude>
    <ClInclude Include="..\Libraries\JoltPhysics\Jolt\Math\Real.h">
      <Filter>Math</Filter>
    </ClInclude>
    <ClInclude Include="..\Libraries\JoltPhysics\Jolt\Math\Swizzle.h">
      <Filter>Math</Filter>
    </ClInclude>
    <ClInclude Include="..\Libraries\JoltPhysics\Jolt\Math\Trigonometry.h">
      <Filter>Math</Filter>
    </ClInclude>
    <ClInclude Include="..\Libraries\JoltPhysics\Jolt\Math\UVec4.h">
      <Filter>Math</Filter>
    </ClInclude>
    <ClInclude Include="..\Libraries\JoltPhysics\Jolt\Math\Vec3.h">
      <Filter>Math</Filter>
    </ClInclude>
    <ClInclude Include="..\Libraries\JoltPhysics\Jolt\Math\Vec4.h">
      <Filter>Math</Filter>
    </ClInclude>
    <ClInclude Include="..\Libraries\JoltPhysics\Jolt\Math\Vector.h">
      <Filter>Math</Filter>
    </ClInclude>
    <ClInclude Include="..\Libraries\JoltPhysics\Jolt\ObjectStream\GetPrimitiveTypeOfType.h">
      <Filter>ObjectStream</Filter>
    </ClInclude>
    <ClInclude Include="..\Libraries\JoltPhysics\Jolt\ObjectStream\ObjectStream.h">
      <Filter>ObjectStream</Filter>
    </ClInclude>
    <ClInclude Include="..\Libraries\JoltPhysics\Jolt\ObjectStream\ObjectStreamBinaryIn.h">
      <Filter>ObjectStream</Filter>
    </ClInclude>
    <ClInclude Include="..\Libraries\JoltPhysics\Jolt\ObjectStream\ObjectStreamBinaryOut.h">
      <Filter>ObjectStream</Filter>
    </ClInclude>
    <ClInclude Include="..\Libraries\JoltPhysics\Jolt\ObjectStream\ObjectStreamIn.h">
      <Filter>ObjectStream</Filter>
    </ClInclude>
    <ClInclude Include="..\Libraries\JoltPhysics\Jolt\ObjectStream\ObjectStreamOut.h">
      <Filter>ObjectStream</Filter>
    </ClInclude>
    <ClInclude Include="..\Libraries\JoltPhysics\Jolt\ObjectStream\ObjectStreamTextIn.h">
      <Filter>ObjectStream</Filter>
    </ClInclude>
    <ClInclude Include="..\Libraries\JoltPhysics\Jolt\ObjectStream\ObjectStreamTextOut.h">
      <Filter>ObjectStream</Filter>
    </ClInclude>
    <ClInclude Include="..\Libraries\JoltPhysics\Jolt\ObjectStream\ObjectStreamTypes.h">
      <Filter>ObjectStream</Filter>
    </ClInclude>
    <ClInclude Include="..\Libraries\JoltPhysics\Jolt\ObjectStream\SerializableAttribute.h">
      <Filter>ObjectStream</Filter>
    </ClInclude>
    <ClInclude Include="..\Libraries\JoltPhysics\Jolt\ObjectStream\SerializableAttributeEnum.h">
      <Filter>ObjectStream</Filter>
    </ClInclude>
    <ClInclude Include="..\Libraries\JoltPhysics\Jolt\ObjectStream\SerializableAttributeTyped.h">
      <Filter>ObjectStream</Filter>
    </ClInclude>
    <ClInclude Include="..\Libraries\JoltPhysics\Jolt\ObjectStream\SerializableObject.h">
      <Filter>ObjectStream</Filter>
    </ClInclude>
    <ClInclude Include="..\Libraries\JoltPhysics\Jolt\ObjectStream\TypeDeclarations.h">
      <Filter>ObjectStream</Filter>
    </ClInclude>
    <ClInclude Include="..\Libraries\JoltPhysics\Jolt\Physics\DeterminismLog.h">
      <Filter>Physics</Filter>
    </ClInclude>
    <ClInclude Include="..\Libraries\JoltPhysics\Jolt\Physics\EActivation.h">
      <Filter>Physics</Filter>
    </ClInclude>
    <ClInclude Include="..\Libraries\JoltPhysics\Jolt\Physics\EPhysicsUpdateError.h">
      <Filter>Physics</Filter>
    </ClInclude>
    <ClInclude Include="..\Libraries\JoltPhysics\Jolt\Physics\IslandBuilder.h">
      <Filter>Physics</Filter>
    </ClInclude>
    <ClInclude Include="..\Libraries\JoltPhysics\Jolt\Physics\LargeIslandSplitter.h">
      <Filter>Physics</Filter>
    </ClInclude>
    <ClInclude Include="..\Libraries\JoltPhysics\Jolt\Physics\PhysicsLock.h">
      <Filter>Physics</Filter>
    </ClInclude>
    <ClInclude Include="..\Libraries\JoltPhysics\Jolt\Physics\PhysicsScene.h">
      <Filter>Physics</Filter>
    </ClInclude>
    <ClInclude Include="..\Libraries\JoltPhysics\Jolt\Physics\PhysicsSettings.h">
      <Filter>Physics</Filter>
    </ClInclude>
    <ClInclude Include="..\Libraries\JoltPhysics\Jolt\Physics\PhysicsStepListener.h">
      <Filter>Physics</Filter>
    </ClInclude>
    <ClInclude Include="..\Libraries\JoltPhysics\Jolt\Physics\PhysicsSystem.h">
      <Filter>Physics</Filter>
    </ClInclude>
    <ClInclude Include="..\Libraries\JoltPhysics\Jolt\Physics\PhysicsUpdateContext.h">
      <Filter>Physics</Filter>
    </ClInclude>
    <ClInclude Include="..\Libraries\JoltPhysics\Jolt\Physics\StateRecorder.h">
      <Filter>Physics</Filter>
    </ClInclude>
    <ClInclude Include="..\Libraries\JoltPhysics\Jolt\Physics\StateRecorderImpl.h">
      <Filter>Physics</Filter>
    </ClInclude>
    <ClInclude Include="..\Libraries\JoltPhysics\Jolt\Physics\Body\AllowedDOFs.h">
      <Filter>Physics\Body</Filter>
    </ClInclude>
    <ClInclude Include="..\Libraries\JoltPhysics\Jolt\Physics\Body\Body.h">
      <Filter>Physics\Body</Filter>
    </ClInclude>
    <ClInclude Include="..\Libraries\JoltPhysics\Jolt\Physics\Body\BodyAccess.h">
      <Filter>Physics\Body</Filter>
    </ClInclude>
    <ClInclude Include="..\Libraries\JoltPhysics\Jolt\Physics\Body\BodyActivationListener.h">
      <Filter>Physics\Body</Filter>
    </ClInclude>
    <ClInclude Include="..\Libraries\JoltPhysics\Jolt\Physics\Body\BodyCreationSettings.h">
      <Filter>Physics\Body</Filter>
    </ClInclude>
    <ClInclude Include="..\Libraries\JoltPhysics\Jolt\Physics\Body\BodyFilter.h">
      <Filter>Physics\Body</Filter>
    </ClInclude>
    <ClInclude Include="..\Libraries\JoltPhysics\Jolt\Physics\Body\BodyID.h">
      <Filter>Physics\Body</Filter>
    </ClInclude>
    <ClInclude Include="..\Libraries\JoltPhysics\Jolt\Physics\Body\BodyInterface.h">
      <Filter>Physics\Body</Filter>
    </ClInclude>
    <ClInclude Include="..\Libraries\JoltPhysics\Jolt\Physics\Body\BodyLock.h">
      <Filter>Physics\Body</Filter>
    </ClInclude>
    <ClInclude Include="..\Libraries\JoltPhysics\Jolt\Physics\Body\BodyLockInterface.h">
      <Filter>Physics\Body</Filter>
    </ClInclude>
    <ClInclude Include="..\Libraries\JoltPhysics\Jolt\Physics\Body\BodyLockMulti.h">
      <Filter>Physics\Body</Filter>
    </ClInclude>
    <ClInclude Include="..\Libraries\JoltPhysics\Jolt\Physics\Body\BodyManager.h">
      <Filter>Physics\Body</Filter>
    </ClInclude>
    <ClInclude Include="..\Libraries\JoltPhysics\Jolt\Physics\Body\BodyPair.h">
      <Filter>Physics\Body</Filter>
    </ClInclude>
    <ClInclude Include="..\Libraries\JoltPhysics\Jolt\Physics\Body\BodyType.h">
      <Filter>Physics\Body</Filter>
    </ClInclude>
    <ClInclude Include="..\Libraries\JoltPhysics\Jolt\Physics\Body\MassProperties.h">
      <Filter>Physics\Body</Filter>
    </ClInclude>
    <ClInclude Include="..\Libraries\JoltPhysics\Jolt\Physics\Body\MotionProperties.h">
      <Filter>Physics\Body</Filter>
    </ClInclude>
    <ClInclude Include="..\Libraries\JoltPhysics\Jolt\Physics\Body\MotionQuality.h">
      <Filter>Physics\Body</Filter>
    </ClInclude>
    <ClInclude Include="..\Libraries\JoltPhysics\Jolt\Physics\Body\MotionType.h">
      <Filter>Physics\Body</Filter>
    </ClInclude>
    <ClInclude Include="..\Libraries\JoltPhysics\Jolt\Physics\Character\Character.h">
      <Filter>Physics\Character</Filter>
    </ClInclude>
    <ClInclude Include="..\Libraries\JoltPhysics\Jolt\Physics\Character\CharacterBase.h">
      <Filter>Physics\Character</Filter>
    </ClInclude>
    <ClInclude Include="..\Libraries\JoltPhysics\Jolt\Physics\Character\CharacterVirtual.h">
      <Filter>Physics\Character</Filter>
    </ClInclude>
    <ClInclude Include="..\Libraries\JoltPhysics\Jolt\Physics\Collision\AABoxCast.h">
      <Filter>Physics\Collision</Filter>
    </ClInclude>
    <ClInclude Include="..\Libraries\JoltPhysics\Jolt\Physics\Collision\ActiveEdgeMode.h">
      <Filter>Physics\Collision</Filter>
    </ClInclude>
    <ClInclude Include="..\Libraries\JoltPhysics\Jolt\Physics\Collision\ActiveEdges.h">
      <Filter>Physics\Collision</Filter>
    </ClInclude>
    <ClInclude Include="..\Libraries\JoltPhysics\Jolt\Physics\Collision\BackFaceMode.h">
      <Filter>Physics\Collision</Filter>
    </ClInclude>
    <ClInclude Include="..\Libraries\JoltPhysics\Jolt\Physics\Collision\CastConvexVsTriangles.h">
      <Filter>Physics\Collision</Filter>
    </ClInclude>
    <ClInclude Include="..\Libraries\JoltPhysics\Jolt\Physics\Collision\CastResult.h">
      <Filter>Physics\Collision</Filter>
    </ClInclude>
    <ClInclude Include="..\Libraries\JoltPhysics\Jolt\Physics\Collision\CastSphereVsTriangles.h">
      <Filter>Physics\Collision</Filter>
    </ClInclude>
    <ClInclude Include="..\Libraries\JoltPhysics\Jolt\Physics\Collision\CollectFacesMode.h">
      <Filter>Physics\Collision</Filter>
    </ClInclude>
    <ClInclude Include="..\Libraries\JoltPhysics\Jolt\Physics\Collision\CollideConvexVsTriangles.h">
      <Filter>Physics\Collision</Filter>
    </ClInclude>
    <ClInclude Include="..\Libraries\JoltPhysics\Jolt\Physics\Collision\CollidePointResult.h">
      <Filter>Physics\Collision</Filter>
    </ClInclude>
    <ClInclude Include="..\Libraries\JoltPhysics\Jolt\Physics\Collision\CollideShape.h">
      <Filter>Physics\Collision</Filter>
    </ClInclude>
    <ClInclude Include="..\Libraries\JoltPhysics\Jolt\Physics\Collision\CollideSoftBodyVertexIterator.h">
      <Filter>Physics\Collision</Filter>
    </ClInclude>
    <ClInclude Include="..\Libraries\JoltPhysics\Jolt\Physics\Collision\CollideSoftBodyVerticesVsTriangles.h">
      <Filter>Physics\Collision</Filter>
    </ClInclude>
    <ClInclude Include="..\Libraries\JoltPhysics\Jolt\Physics\Collision\CollideSphereVsTriangles.h">
      <Filter>Physics\Collision</Filter>
    </ClInclude>
    <ClInclude Include="..\Libraries\JoltPhysics\Jolt\Physics\Collision\CollisionCollector.h">
      <Filter>Physics\Collision</Filter>
    </ClInclude>
    <ClInclude Include="..\Libraries\JoltPhysics\Jolt\Physics\Collision\CollisionCollectorImpl.h">
      <Filter>Physics\Collision</Filter>
    </ClInclude>
    <ClInclude Include="..\Libraries\JoltPhysics\Jolt\Physics\Collision\CollisionDispatch.h">
      <Filter>Physics\Collision</Filter>
    </ClInclude>
    <ClInclude Include="..\Libraries\JoltPhysics\Jolt\Physics\Collision\CollisionGroup.h">
      <Filter>Physics\Collision</Filter>
    </ClInclude>
    <ClInclude Include="..\Libraries\JoltPhysics\Jolt\Physics\Collision\ContactListener.h">
      <Filter>Physics\Collision</Filter>
    </ClInclude>
    <ClInclude Include="..\Libraries\JoltPhysics\Jolt\Physics\Collision\EstimateCollisionResponse.h">
      <Filter>Physics\Collision</Filter>
    </ClInclude>
    <ClInclude Include="..\Libraries\JoltPhysics\Jolt\Physics\Collision\GroupFilter.h">
      <Filter>Physics\Collision</Filter>
    </ClInclude>
    <ClInclude Include="..\Libraries\JoltPhysics\Jolt\Physics\Collision\GroupFilterTable.h">
      <Filter>Physics\Collision</Filter>
    </ClInclude>
    <ClInclude Include="..\Libraries\JoltPhysics\Jolt\Physics\Collision\InternalEdgeRemovingCollector.h">
      <Filter>Physics\Collision</Filter>
    </ClInclude>
    <ClInclude Include="..\Libraries\JoltPhysics\Jolt\Physics\Collision\ManifoldBetweenTwoFaces.h">
      <Filter>Physics\Collision</Filter>
    </ClInclude>
    <ClInclude Include="..\Libraries\JoltPhysics\Jolt\Physics\Collision\NarrowPhaseQuery.h">
      <Filter>Physics\Collision</Filter>
    </ClInclude>
    <ClInclude Include="..\Libraries\JoltPhysics\Jolt\Physics\Collision\NarrowPhaseStats.h">
      <Filter>Physics\Collision</Filter>
    </ClInclude>
    <ClInclude Include="..\Libraries\JoltPhysics\Jolt\Physics\Collision\ObjectLayer.h">
      <Filter>Physics\Collision</Filter>
    </ClInclude>
    <ClInclude Include="..\Libraries\JoltPhysics\Jolt\Physics\Collision\ObjectLayerPairFilterMask.h">
      <Filter>Physics\Collision</Filter>
    </ClInclude>
    <ClInclude Include="..\Libraries\JoltPhysics\Jolt\Physics\Collision\ObjectLayerPairFilterTable.h">
      <Filter>Physics\Collision</Filter>
    </ClInclude>
    <ClInclude Include="..\Libraries\JoltPhysics\Jolt\Physics\Collision\PhysicsMaterial.h">
      <Filter>Physics\Collision</Filter>
    </ClInclude>
    <ClInclude Include="..\Libraries\JoltPhysics\Jolt\Physics\Collision\PhysicsMaterialSimple.h">
      <Filter>Physics\Collision</Filter>
    </ClInclude>
    <ClInclude Include="..\Libraries\JoltPhysics\Jolt\Physics\Collision\RayCast.h">
      <Filter>Physics\Collision</Filter>
    </ClInclude>
    <ClInclude Include="..\Libraries\JoltPhysics\Jolt\Physics\Collision\ShapeCast.h">
      <Filter>Physics\Collision</Filter>
    </ClInclude>
    <ClInclude Include="..\Libraries\JoltPhysics\Jolt\Physics\Collision\ShapeFilter.h">
      <Filter>Physics\Collision</Filter>
    </ClInclude>
    <ClInclude Include="..\Libraries\JoltPhysics\Jolt\Physics\Collision\SimShapeFilter.h">
      <Filter>Physics\Collision</Filter>
    </ClInclude>
    <ClInclude Include="..\Libraries\JoltPhysics\Jolt\Physics\Collision\SimShapeFilterWrapper.h">
      <Filter>Physics\Collision</Filter>
    </ClInclude>
    <ClInclude Include="..\Libraries\JoltPhysics\Jolt\Physics\Collision\SortReverseAndStore.h">
      <Filter>Physics\Collision</Filter>
    </ClInclude>
    <ClInclude Include="..\Libraries\JoltPhysics\Jolt\Physics\Collision\TransformedShape.h">
      <Filter>Physics\Collision</Filter>
    </ClInclude>
    <ClInclude Include="..\Libraries\JoltPhysics\Jolt\Physics\Collision\BroadPhase\BroadPhase.h">
      <Filter>Physics\Collision\BroadPhase</Filter>
    </ClInclude>
    <ClInclude Include="..\Libraries\JoltPhysics\Jolt\Physics\Collision\BroadPhase\BroadPhaseBruteForce.h">
      <Filter>Physics\Collision\BroadPhase</Filter>
    </ClInclude>
    <ClInclude Include="..\Libraries\JoltPhysics\Jolt\Physics\Collision\BroadPhase\BroadPhaseLayer.h">
      <Filter>Physics\Collision\BroadPhase</Filter>
    </ClInclude>
    <ClInclude Include="..\Libraries\JoltPhysics\Jolt\Physics\Collision\BroadPhase\BroadPhaseLayerInterfaceMask.h">
      <Filter>Physics\Collision\BroadPhase</Filter>
    </ClInclude>
    <ClInclude Include="..\Libraries\JoltPhysics\Jolt\Physics\Collision\BroadPhase\BroadPhaseLayerInterfaceTable.h">
      <Filter>Physics\Collision\BroadPhase</Filter>
    </ClInclude>
    <ClInclude Include="..\Libraries\JoltPhysics\Jolt\Physics\Collision\BroadPhase\BroadPhaseQuadTree.h">
      <Filter>Physics\Collision\BroadPhase</Filter>
    </ClInclude>
    <ClInclude Include="..\Libraries\JoltPhysics\Jolt\Physics\Collision\BroadPhase\BroadPhaseQuery.h">
      <Filter>Physics\Collision\BroadPhase</Filter>
    </ClInclude>
    <ClInclude Include="..\Libraries\JoltPhysics\Jolt\Physics\Collision\BroadPhase\ObjectVsBroadPhaseLayerFilterMask.h">
      <Filter>Physics\Collision\BroadPhase</Filter>
    </ClInclude>
    <ClInclude Include="..\Libraries\JoltPhysics\Jolt\Physics\Collision\BroadPhase\ObjectVsBroadPhaseLayerFilterTable.h">
      <Filter>Physics\Collision\BroadPhase</Filter>
    </ClInclude>
    <ClInclude Include="..\Libraries\JoltPhysics\Jolt\Physics\Collision\BroadPhase\QuadTree.h">
      <Filter>Physics\Collision\BroadPhase</Filter>
    </ClInclude>
    <ClInclude Include="..\Libraries\JoltPhysics\Jolt\Physics\Collision\Shape\BoxShape.h">
      <Filter>Physics\Collision\Shape</Filter>
    </ClInclude>
    <ClInclude Include="..\Libraries\JoltPhysics\Jolt\Physics\Collision\Shape\CapsuleShape.h">
      <Filter>Physics\Collision\Shape</Filter>
    </ClInclude>
    <ClInclude Include="..\Libraries\JoltPhysics\Jolt\Physics\Collision\Shape\CompoundShape.h">
      <Filter>Physics\Collision\Shape</Filter>
    </ClInclude>
    <ClInclude Include="..\Libraries\JoltPhysics\Jolt\Physics\Collision\Shape\CompoundShapeVisitors.h">
      <Filter>Physics\Collision\Shape</Filter>
    </ClInclude>
    <ClInclude Include="..\Libraries\JoltPhysics\Jolt\Physics\Collision\Shape\ConvexHullShape.h">
      <Filter>Physics\Collision\Shape</Filter>
    </ClInclude>
    <ClInclude Include="..\Libraries\JoltPhysics\Jolt\Physics\Collision\Shape\ConvexShape.h">
      <Filter>Physics\Collision\Shape</Filter>
    </ClInclude>
    <ClInclude Include="..\Libraries\JoltPhysics\Jolt\Physics\Collision\Shape\CylinderShape.h">
      <Filter>Physics\Collision\Shape</Filter>
    </ClInclude>
    <ClInclude Include="..\Libraries\JoltPhysics\Jolt\Physics\Collision\Shape\DecoratedShape.h">
      <Filter>Physics\Collision\Shape</Filter>
    </ClInclude>
    <ClInclude Include="..\Libraries\JoltPhysics\Jolt\Physics\Collision\Shape\EmptyShape.h">
      <Filter>Physics\Collision\Shape</Filter>
    </ClInclude>
    <ClInclude Include="..\Libraries\JoltPhysics\Jolt\Physics\Collision\Shape\GetTrianglesContext.h">
      <Filter>Physics\Collision\Shape</Filter>
    </ClInclude>
    <ClInclude Include="..\Libraries\JoltPhysics\Jolt\Physics\Collision\Shape\HeightFieldShape.h">
      <Filter>Physics\Collision\Shape</Filter>
    </ClInclude>
    <ClInclude Include="..\Libraries\JoltPhysics\Jolt\Physics\Collision\Shape\MeshShape.h">
      <Filter>Physics\Collision\Shape</Filter>
    </ClInclude>
    <ClInclude Include="..\Libraries\JoltPhysics\Jolt\Physics\Collision\Shape\MutableCompoundShape.h">
      <Filter>Physics\Collision\Shape</Filter>
    </ClInclude>
    <ClInclude Include="..\Libraries\JoltPhysics\Jolt\Physics\Collision\Shape\OffsetCenterOfMassShape.h">
      <Filter>Physics\Collision\Shape</Filter>
    </ClInclude>
    <ClInclude Include="..\Libraries\JoltPhysics\Jolt\Physics\Collision\Shape\PlaneShape.h">
      <Filter>Physics\Collision\Shape</Filter>
    </ClInclude>
    <ClInclude Include="..\Libraries\JoltPhysics\Jolt\Physics\Collision\Shape\PolyhedronSubmergedVolumeCalculator.h">
      <Filter>Physics\Collision\Shape</Filter>
    </ClInclude>
    <ClInclude Include="..\Libraries\JoltPhysics\Jolt\Physics\Collision\Shape\RotatedTranslatedShape.h">
      <Filter>Physics\Collision\Shape</Filter>
    </ClInclude>
    <ClInclude Include="..\Libraries\JoltPhysics\Jolt\Physics\Collision\Shape\ScaledShape.h">
      <Filter>Physics\Collision\Shape</Filter>
    </ClInclude>
    <ClInclude Include="..\Libraries\JoltPhysics\Jolt\Physics\Collision\Shape\ScaleHelpers.h">
      <Filter>Physics\Collision\Shape</Filter>
    </ClInclude>
    <ClInclude Include="..\Libraries\JoltPhysics\Jolt\Physics\Collision\Shape\Shape.h">
      <Filter>Physics\Collision\Shape</Filter>
    </ClInclude>
    <ClInclude Include="..\Libraries\JoltPhysics\Jolt\Physics\Collision\Shape\SphereShape.h">
      <Filter>Physics\Collision\Shape</Filter>
    </ClInclude>
    <ClInclude Include="..\Libraries\JoltPhysics\Jolt\Physics\Collision\Shape\StaticCompoundShape.h">
      <Filter>Physics\Collision\Shape</Filter>
    </ClInclude>
    <ClInclude Include="..\Libraries\JoltPhysics\Jolt\Physics\Collision\Shape\SubShapeID.h">
      <Filter>Physics\Collision\Shape</Filter>
    </ClInclude>
    <ClInclude Include="..\Libraries\JoltPhysics\Jolt\Physics\Collision\Shape\SubShapeIDPair.h">
      <Filter>Physics\Collision\Shape</Filter>
    </ClInclude>
    <ClInclude Include="..\Libraries\JoltPhysics\Jolt\Physics\Collision\Shape\TaperedCapsuleShape.h">
      <Filter>Physics\Collision\Shape</Filter>
    </ClInclude>
    <ClInclude Include="..\Libraries\JoltPhysics\Jolt\Physics\Collision\Shape\TaperedCylinderShape.h">
      <Filter>Physics\Collision\Shape</Filter>
    </ClInclude>
    <ClInclude Include="..\Libraries\JoltPhysics\Jolt\Physics\Collision\Shape\TriangleShape.h">
      <Filter>Physics\Collision\Shape</Filter>
    </ClInclude>
    <ClInclude Include="..\Libraries\JoltPhysics\Jolt\Physics\Constraints\ConstraintPart\AngleConstraintPart.h">
      <Filter>Physics\Constraints\ConstraintPart</Filter>
    </ClInclude>
    <ClInclude Include="..\Libraries\JoltPhysics\Jolt\Physics\Constraints\ConstraintPart\AxisConstraintPart.h">
      <Filter>Physics\Constraints\ConstraintPart</Filter>
    </ClInclude>
    <ClInclude Include="..\Libraries\JoltPhysics\Jolt\Physics\Constraints\ConstraintPart\DualAxisConstraintPart.h">
      <Filter>Physics\Constraints\ConstraintPart</Filter>
    </ClInclude>
    <ClInclude Include="..\Libraries\JoltPhysics\Jolt\Physics\Constraints\ConstraintPart\GearConstraintPart.h">
      <Filter>Physics\Constraints\ConstraintPart</Filter>
    </ClInclude>
    <ClInclude Include="..\Libraries\JoltPhysics\Jolt\Physics\Constraints\ConstraintPart\HingeRotationConstraintPart.h">
      <Filter>Physics\Constraints\ConstraintPart</Filter>
    </ClInclude>
    <ClInclude Include="..\Libraries\JoltPhysics\Jolt\Physics\Constraints\ConstraintPart\IndependentAxisConstraintPart.h">
      <Filter>Physics\Constraints\ConstraintPart</Filter>
    </ClInclude>
    <ClInclude Include="..\Libraries\JoltPhysics\Jolt\Physics\Constraints\ConstraintPart\PointConstraintPart.h">
      <Filter>Physics\Constraints\ConstraintPart</Filter>
    </ClInclude>
    <ClInclude Include="..\Libraries\JoltPhysics\Jolt\Physics\Constraints\ConstraintPart\RackAndPinionConstraintPart.h">
      <Filter>Physics\Constraints\ConstraintPart</Filter>
    </ClInclude>
    <ClInclude Include="..\Libraries\JoltPhysics\Jolt\Physics\Constraints\ConstraintPart\RotationEulerConstraintPart.h">
      <Filter>Physics\Constraints\ConstraintPart</Filter>
    </ClInclude>
    <ClInclude Include="..\Libraries\JoltPhysics\Jolt\Physics\Constraints\ConstraintPart\RotationQuatConstraintPart.h">
      <Filter>Physics\Constraints\ConstraintPart</Filter>
    </ClInclude>
    <ClInclude Include="..\Libraries\JoltPhysics\Jolt\Physics\Constraints\ConstraintPart\SpringPart.h">
      <Filter>Physics\Constraints\ConstraintPart</Filter>
    </ClInclude>
    <ClInclude Include="..\Libraries\JoltPhysics\Jolt\Physics\Constraints\ConstraintPart\SwingTwistConstraintPart.h">
      <Filter>Physics\Constraints\ConstraintPart</Filter>
    </ClInclude>
    <ClInclude Include="..\Libraries\JoltPhysics\Jolt\Physics\Constraints\CalculateSolverSteps.h">
      <Filter>Physics\Constraints</Filter>
    </ClInclude>
    <ClInclude Include="..\Libraries\JoltPhysics\Jolt\Physics\Constraints\ConeConstraint.h">
      <Filter>Physics\Constraints</Filter>
    </ClInclude>
    <ClInclude Include="..\Libraries\JoltPhysics\Jolt\Physics\Constraints\Constraint.h">
      <Filter>Physics\Constraints</Filter>
    </ClInclude>
    <ClInclude Include="..\Libraries\JoltPhysics\Jolt\Physics\Constraints\ConstraintManager.h">
      <Filter>Physics\Constraints</Filter>
    </ClInclude>
    <ClInclude Include="..\Libraries\JoltPhysics\Jolt\Physics\Constraints\ContactConstraintManager.h">
      <Filter>Physics\Constraints</Filter>
    </ClInclude>
    <ClInclude Include="..\Libraries\JoltPhysics\Jolt\Physics\Constraints\DistanceConstraint.h">
      <Filter>Physics\Constraints</Filter>
    </ClInclude>
    <ClInclude Include="..\Libraries\JoltPhysics\Jolt\Physics\Constraints\FixedConstraint.h">
      <Filter>Physics\Constraints</Filter>
    </ClInclude>
    <ClInclude Include="..\Libraries\JoltPhysics\Jolt\Physics\Constraints\GearConstraint.h">
      <Filter>Physics\Constraints</Filter>
    </ClInclude>
    <ClInclude Include="..\Libraries\JoltPhysics\Jolt\Physics\Constraints\HingeConstraint.h">
      <Filter>Physics\Constraints</Filter>
    </ClInclude>
    <ClInclude Include="..\Libraries\JoltPhysics\Jolt\Physics\Constraints\MotorSettings.h">
      <Filter>Physics\Constraints</Filter>
    </ClInclude>
    <ClInclude Include="..\Libraries\JoltPhysics\Jolt\Physics\Constraints\PathConstraint.h">
      <Filter>Physics\Constraints</Filter>
    </ClInclude>
    <ClInclude Include="..\Libraries\JoltPhysics\Jolt\Physics\Constraints\PathConstraintPath.h">
      <Filter>Physics\Constraints</Filter>
    </ClInclude>
    <ClInclude Include="..\Libraries\JoltPhysics\Jolt\Physics\Constraints\PathConstraintPathHermite.h">
      <Filter>Physics\Constraints</Filter>
    </ClInclude>
    <ClInclude Include="..\Libraries\JoltPhysics\Jolt\Physics\Constraints\PointConstraint.h">
      <Filter>Physics\Constraints</Filter>
    </ClInclude>
    <ClInclude Include="..\Libraries\JoltPhysics\Jolt\Physics\Constraints\PulleyConstraint.h">
      <Filter>Physics\Constraints</Filter>
    </ClInclude>
    <ClInclude Include="..\Libraries\JoltPhysics\Jolt\Physics\Constraints\RackAndPinionConstraint.h">
      <Filter>Physics\Constraints</Filter>
    </ClInclude>
    <ClInclude Include="..\Libraries\JoltPhysics\Jolt\Physics\Constraints\SixDOFConstraint.h">
      <Filter>Physics\Constraints</Filter>
    </ClInclude>
    <ClInclude Include="..\Libraries\JoltPhysics\Jolt\Physics\Constraints\SliderConstraint.h">
      <Filter>Physics\Constraints</Filter>
    </ClInclude>
    <ClInclude Include="..\Libraries\JoltPhysics\Jolt\Physics\Constraints\SpringSettings.h">
      <Filter>Physics\Constraints</Filter>
    </ClInclude>
    <ClInclude Include="..\Libraries\JoltPhysics\Jolt\Physics\Constraints\SwingTwistConstraint.h">
      <Filter>Physics\Constraints</Filter>
    </ClInclude>
    <ClInclude Include="..\Libraries\JoltPhysics\Jolt\Physics\Constraints\TwoBodyConstraint.h">
      <Filter>Physics\Constraints</Filter>
    </ClInclude>
    <ClInclude Include="..\Libraries\JoltPhysics\Jolt\Physics\Ragdoll\Ragdoll.h">
      <Filter>Physics\Ragdoll</Filter>
    </ClInclude>
    <ClInclude Include="..\Libraries\JoltPhysics\Jolt\Physics\SoftBody\SoftBodyContactListener.h">
      <Filter>Physics\SoftBody</Filter>
    </ClInclude>
    <ClInclude Include="..\Libraries\JoltPhysics\Jolt\Physics\SoftBody\SoftBodyCreationSettings.h">
      <Filter>Physics\SoftBody</Filter>
    </ClInclude>
    <ClInclude Include="..\Libraries\JoltPhysics\Jolt\Physics\SoftBody\SoftBodyManifold.h">
      <Filter>Physics\SoftBody</Filter>
    </ClInclude>
    <ClInclude Include="..\Libraries\JoltPhysics\Jolt\Physics\SoftBody\SoftBodyMotionProperties.h">
      <Filter>Physics\SoftBody</Filter>
    </ClInclude>
    <ClInclude Include="..\Libraries\JoltPhysics\Jolt\Physics\SoftBody\SoftBodyShape.h">
      <Filter>Physics\SoftBody</Filter>
    </ClInclude>
    <ClInclude Include="..\Libraries\JoltPhysics\Jolt\Physics\SoftBody\SoftBodySharedSettings.h">
      <Filter>Physics\SoftBody</Filter>
    </ClInclude>
    <ClInclude Include="..\Libraries\JoltPhysics\Jolt\Physics\SoftBody\SoftBodyUpdateContext.h">
      <Filter>Physics\SoftBody</Filter>
    </ClInclude>
    <ClInclude Include="..\Libraries\JoltPhysics\Jolt\Physics\SoftBody\SoftBodyVertex.h">
      <Filter>Physics\SoftBody</Filter>
    </ClInclude>
    <ClInclude Include="..\Libraries\JoltPhysics\Jolt\Physics\Vehicle\MotorcycleController.h">
      <Filter>Physics\Vehicle</Filter>
    </ClInclude>
    <ClInclude Include="..\Libraries\JoltPhysics\Jolt\Physics\Vehicle\TrackedVehicleController.h">
      <Filter>Physics\Vehicle</Filter>
    </ClInclude>
    <ClInclude Include="..\Libraries\JoltPhysics\Jolt\Physics\Vehicle\VehicleAntiRollBar.h">
      <Filter>Physics\Vehicle</Filter>
    </ClInclude>
    <ClInclude Include="..\Libraries\JoltPhysics\Jolt\Physics\Vehicle\VehicleCollisionTester.h">
      <Filter>Physics\Vehicle</Filter>
    </ClInclude>
    <ClInclude Include="..\Libraries\JoltPhysics\Jolt\Physics\Vehicle\VehicleConstraint.h">
      <Filter>Physics\Vehicle</Filter>
    </ClInclude>
    <ClInclude Include="..\Libraries\JoltPhysics\Jolt\Physics\Vehicle\VehicleController.h">
      <Filter>Physics\Vehicle</Filter>
    </ClInclude>
    <ClInclude Include="..\Libraries\JoltPhysics\Jolt\Physics\Vehicle\VehicleDifferential.h">
      <Filter>Physics\Vehicle</Filter>
    </ClInclude>
    <ClInclude Include="..\Libraries\JoltPhysics\Jolt\Physics\Vehicle\VehicleEngine.h">
      <Filter>Physics\Vehicle</Filter>
    </ClInclude>
    <ClInclude Include="..\Libraries\JoltPhysics\Jolt\Physics\Vehicle\VehicleTrack.h">
      <Filter>Physics\Vehicle</Filter>
    </ClInclude>
    <ClInclude Include="..\Libraries\JoltPhysics\Jolt\Physics\Vehicle\VehicleTransmission.h">
      <Filter>Physics\Vehicle</Filter>
    </ClInclude>
    <ClInclude Include="..\Libraries\JoltPhysics\Jolt\Physics\Vehicle\Wheel.h">
      <Filter>Physics\Vehicle</Filter>
    </ClInclude>
    <ClInclude Include="..\Libraries\JoltPhysics\Jolt\Physics\Vehicle\WheeledVehicleController.h">
      <Filter>Physics\Vehicle</Filter>
    </ClInclude>
    <ClInclude Include="..\Libraries\JoltPhysics\Jolt\Renderer\DebugRenderer.h">
      <Filter>Renderer</Filter>
    </ClInclude>
    <ClInclude Include="..\Libraries\JoltPhysics\Jolt\Renderer\DebugRendererPlayback.h">
      <Filter>Renderer</Filter>
    </ClInclude>
    <ClInclude Include="..\Libraries\JoltPhysics\Jolt\Renderer\DebugRendererRecorder.h">
      <Filter>Renderer</Filter>
    </ClInclude>
    <ClInclude Include="..\Libraries\JoltPhysics\Jolt\Renderer\DebugRendererSimple.h">
      <Filter>Renderer</Filter>
    </ClInclude>
    <ClInclude Include="..\Libraries\JoltPhysics\Jolt\Skeleton\SkeletalAnimation.h">
      <Filter>Skeleton</Filter>
    </ClInclude>
    <ClInclude Include="..\Libraries\JoltPhysics\Jolt\Skeleton\Skeleton.h">
      <Filter>Skeleton</Filter>
    </ClInclude>
    <ClInclude Include="..\Libraries\JoltPhysics\Jolt\Skeleton\SkeletonMapper.h">
      <Filter>Skeleton</Filter>
    </ClInclude>
    <ClInclude Include="..\Libraries\JoltPhysics\Jolt\Skeleton\SkeletonPose.h">
      <Filter>Skeleton</Filter>
    </ClInclude>
    <ClInclude Include="..\Libraries\JoltPhysics\Jolt\TriangleGrouper\TriangleGrouper.h">
      <Filter>TriangleGrouper</Filter>
    </ClInclude>
    <ClInclude Include="..\Libraries\JoltPhysics\Jolt\TriangleGrouper\TriangleGrouperClosestCentroid.h">
      <Filter>TriangleGrouper</Filter>
    </ClInclude>
    <ClInclude Include="..\Libraries\JoltPhysics\Jolt\TriangleGrouper\TriangleGrouperMorton.h">
      <Filter>TriangleGrouper</Filter>
    </ClInclude>
    <ClInclude Include="..\Libraries\JoltPhysics\Jolt\TriangleSplitter\TriangleSplitter.h">
      <Filter>TriangleSplitter</Filter>
    </ClInclude>
    <ClInclude Include="..\Libraries\JoltPhysics\Jolt\TriangleSplitter\TriangleSplitterBinning.h">
      <Filter>TriangleSplitter</Filter>
    </ClInclude>
    <ClInclude Include="..\Libraries\JoltPhysics\Jolt\TriangleSplitter\TriangleSplitterFixedLeafSize.h">
      <Filter>TriangleSplitter</Filter>
    </ClInclude>
    <ClInclude Include="..\Libraries\JoltPhysics\Jolt\TriangleSplitter\TriangleSplitterLongestAxis.h">
      <Filter>TriangleSplitter</Filter>
    </ClInclude>
    <ClInclude Include="..\Libraries\JoltPhysics\Jolt\TriangleSplitter\TriangleSplitterMean.h">
      <Filter>TriangleSplitter</Filter>
    </ClInclude>
    <ClInclude Include="..\Libraries\JoltPhysics\Jolt\TriangleSplitter\TriangleSplitterMorton.h">
      <Filter>TriangleSplitter</Filter>
    </ClInclude>
    <ClInclude Include="..\Libraries\JoltPhysics\Jolt\ConfigurationString.h" />
    <ClInclude Include="..\Libraries\JoltPhysics\Jolt\Jolt.h" />
    <ClInclude Include="..\Libraries\JoltPhysics\Jolt\RegisterTypes.h" />
  </ItemGroup>
  <ItemGroup>
    <None Include="..\Libraries\JoltPhysics\Jolt\Core\FixedSizeFreeList.inl">
      <Filter>Core</Filter>
    </None>
    <None Include="..\Libraries\JoltPhysics\Jolt\Core\JobSystem.inl">
      <Filter>Core</Filter>
    </None>
    <None Include="..\Libraries\JoltPhysics\Jolt\Core\LockFreeHashMap.inl">
      <Filter>Core</Filter>
    </None>
    <None Include="..\Libraries\JoltPhysics\Jolt\Core\Profiler.inl">
      <Filter>Core</Filter>
    </None>
    <None Include="..\Libraries\JoltPhysics\Jolt\Math\BVec16.inl">
      <Filter>Math</Filter>
    </None>
    <None Include="..\Libraries\JoltPhysics\Jolt\Math\DMat44.inl">
      <Filter>Math</Filter>
    </None>
    <None Include="..\Libraries\JoltPhysics\Jolt\Math\DVec3.inl">
      <Filter>Math</Filter>
    </None>
    <None Include="..\Libraries\JoltPhysics\Jolt\Math\Mat44.inl">
      <Filter>Math</Filter>
    </None>
    <None Include="..\Libraries\JoltPhysics\Jolt\Math\Quat.inl">
      <Filter>Math</Filter>
    </None>
    <None Include="..\Libraries\JoltPhysics\Jolt\Math\UVec4.inl">
      <Filter>Math</Filter>
    </None>
    <None Include="..\Libraries\JoltPhysics\Jolt\Math\Vec3.inl">
      <Filter>Math</Filter>
    </None>
    <None Include="..\Libraries\JoltPhysics\Jolt\Math\Vec4.inl">
      <Filter>Math</Filter>
    </None>
    <None Include="..\Libraries\JoltPhysics\Jolt\Physics\Body\Body.inl">
      <Filter>Physics\Body</Filter>
    </None>
    <None Include="..\Libraries\JoltPhysics\Jolt\Physics\Body\MotionProperties.inl">
      <Filter>Physics\Body</Filter>
    </None>
    <None Include="..\Libraries\JoltPhysics\Jolt\Physics\Collision\Shape\TaperedCapsuleShape.gliffy">
      <Filter>Physics\Collision\Shape</Filter>
    </None>
  </ItemGroup>
  <ItemGroup>
    <Natvis Include="..\Libraries\JoltPhysics\Jolt\Jolt.natvis" />
  </ItemGroup>
</Project>